
Microsoft Visual Studio Solution File, Format Version 12.00
# Visual Studio Version 16
VisualStudioVersion = 16.0.29215.179
MinimumVisualStudioVersion = 10.0.40219.1
Project("{FAE04EC0-301F-11D3-BF4B-00C04F79EFBC}") = "ProyectoIII(Puebas)", "ProyectoIII(Puebas)\ProyectoIII(Puebas).csproj", "{BEA67142-3628-4FF3-A077-AFA84CDE38D8}"
EndProject
Global
	GlobalSection(SolutionConfigurationPlatforms) = preSolution
		Debug|Any CPU = Debug|Any CPU
		Release|Any CPU = Release|Any CPU
	EndGlobalSection
	GlobalSection(ProjectConfigurationPlatforms) = postSolution
		{BEA67142-3628-4FF3-A077-AFA84CDE38D8}.Debug|Any CPU.ActiveCfg = Debug|Any CPU
		{BEA67142-3628-4FF3-A077-AFA84CDE38D8}.Debug|Any CPU.Build.0 = Debug|Any CPU
		{BEA67142-3628-4FF3-A077-AFA84CDE38D8}.Release|Any CPU.ActiveCfg = Release|Any CPU
		{BEA67142-3628-4FF3-A077-AFA84CDE38D8}.Release|Any CPU.Build.0 = Release|Any CPU
	EndGlobalSection
	GlobalSection(SolutionProperties) = preSolution
		HideSolutionNode = FALSE
	EndGlobalSection
	GlobalSection(ExtensibilityGlobals) = postSolution
		SolutionGuid = {77C12886-B266-4F70-AEA1-7987F997C1E4}
	EndGlobalSection
EndGlobal
